{"SurveyEntry":{"SurveyID":"SV_6l0K0bORuKZKLBA","SurveyName":"Coue tricks survey","SurveyDescription":null,"SurveyOwnerID":"UR_1QRd0iYKv46ffJI","SurveyBrandID":"upenn","DivisionID":"DV_6M7iv7JxoQ7dkLW","SurveyLanguage":"EN","SurveyActiveResponseSet":"RS_7V7UbD9sjs07LE2","SurveyStatus":"Inactive","SurveyStartDate":"0000-00-00 00:00:00","SurveyExpirationDate":"0000-00-00 00:00:00","SurveyCreationDate":"2025-02-02 23:15:29","CreatorID":"UR_1QRd0iYKv46ffJI","LastModified":"2025-02-04 22:29:01","LastAccessed":"0000-00-00 00:00:00","LastActivated":"0000-00-00 00:00:00","Deleted":null},"SurveyElements":[{"SurveyID":"SV_6l0K0bORuKZKLBA","Element":"FL","PrimaryAttribute":"Survey Flow","SecondaryAttribute":null,"TertiaryAttribute":null,"Payload":{"Type":"Root","FlowID":"FL_1","Flow":[{"Type":"Block","ID":"BL_eE8tW4BfyL8zVgG","FlowID":"FL_2","Autofill":[]},{"Type":"BlockRandomizer","FlowID":"FL_8","SubSet":1,"EvenPresentation":true,"Flow":[{"Type":"Group","FlowID":"FL_12","Description":"Disclose_Chatbot","Flow":[{"Type":"Standard","ID":"BL_8kweTuP0E2NK00m","FlowID":"FL_3","Autofill":[]},{"Type":"EmbeddedData","FlowID":"FL_16","EmbeddedData":[{"Description":"CONDITION","Type":"Custom","Field":"CONDITION","VariableType":"String","DataVisibility":[],"AnalyzeText":false,"Value":"Disclose_Chatbot"}]}]},{"Type":"Group","FlowID":"FL_13","Description":"Disclose_Human","Flow":[{"Type":"Standard","ID":"BL_bmdEbgIqkcFjcbA","FlowID":"FL_4","Autofill":[]},{"Type":"EmbeddedData","FlowID":"FL_17","EmbeddedData":[{"Description":"CONDITION","Type":"Custom","Field":"CONDITION","VariableType":"String","DataVisibility":[],"AnalyzeText":false,"Value":"Disclose_Human"}]}]},{"Type":"Group","FlowID":"FL_14","Description":"NoDisclose_Chatbot","Flow":[{"Type":"Standard","ID":"BL_0Tk62LmdzhSOyVM","FlowID":"FL_5","Autofill":[]},{"Type":"EmbeddedData","FlowID":"FL_18","EmbeddedData":[{"Description":"CONDITION","Type":"Custom","Field":"CONDITION","VariableType":"String","DataVisibility":[],"AnalyzeText":false,"Value":"NoDisclose_Chatbot"}]}]},{"Type":"Group","FlowID":"FL_15","Description":"NoDisclose_Human","Flow":[{"Type":"Standard","ID":"BL_1YNeR1qrHDDLM5E","FlowID":"FL_6","Autofill":[]},{"Type":"EmbeddedData","FlowID":"FL_19","EmbeddedData":[{"Description":"CONDITION","Type":"Custom","Field":"CONDITION","VariableType":"String","DataVisibility":[],"AnalyzeText":false,"Value":"NoDisclose_Human"}]}]}]},{"Type":"Standard","ID":"BL_4PJsWRrXODJ3Z6S","FlowID":"FL_9","Autofill":[]},{"Type":"Branch","FlowID":"FL_20","Description":"New Branch","BranchLogic":{"0":{"0":{"LogicType":"EmbeddedField","LeftOperand":"CONDITION","Operator":"EqualTo","RightOperand":"NoDisclose_Human","_HiddenExpression":false,"Type":"Expression","Description":"<span class=\"ConjDesc\">If<\/span> <span class=\"LeftOpDesc\">CONDITION<\/span> <span class=\"OpDesc\">Is Equal to<\/span> <span class=\"RightOpDesc\"> NoDisclose_Human <\/span>"},"1":{"LogicType":"EmbeddedField","LeftOperand":"CONDITION","Operator":"EqualTo","RightOperand":"Disclose_Human","_HiddenExpression":false,"Type":"Expression","Description":"<span class=\"ConjDesc\">Or<\/span> <span class=\"LeftOpDesc\">CONDITION<\/span> <span class=\"OpDesc\">Is Equal to<\/span> <span class=\"RightOpDesc\"> Disclose_Human <\/span>","Conjuction":"Or"},"Type":"If"},"Type":"BooleanExpression"},"Flow":[{"Type":"Standard","ID":"BL_abl7gxSOhsaSNgy","FlowID":"FL_10","Autofill":[]}]},{"Type":"Branch","FlowID":"FL_21","Description":"New Branch","BranchLogic":{"0":{"0":{"LogicType":"EmbeddedField","LeftOperand":"CONDITION","Operator":"EqualTo","RightOperand":"NoDisclose_Chatbot","_HiddenExpression":false,"Type":"Expression","Description":"<span class=\"ConjDesc\">If<\/span> <span class=\"LeftOpDesc\">CONDITION<\/span> <span class=\"OpDesc\">Is Equal to<\/span> <span class=\"RightOpDesc\"> NoDisclose_Chatbot <\/span>"},"1":{"LogicType":"EmbeddedField","LeftOperand":"CONDITION","Operator":"EqualTo","RightOperand":"Disclose_Chatbot","_HiddenExpression":false,"Type":"Expression","Description":"<span class=\"ConjDesc\">Or<\/span> <span class=\"LeftOpDesc\">CONDITION<\/span> <span class=\"OpDesc\">Is Equal to<\/span> <span class=\"RightOpDesc\"> Disclose_Chatbot <\/span>","Conjuction":"Or"},"Type":"If"},"Type":"BooleanExpression"},"Flow":[{"Type":"Standard","ID":"BL_eRoCSkGB2mDqilU","FlowID":"FL_11","Autofill":[]},{"Type":"Standard","ID":"BL_eKSiPUfQzy6b2Rg","FlowID":"FL_22","Autofill":[]}]}],"Properties":{"Count":23}}},{"SurveyID":"SV_6l0K0bORuKZKLBA","Element":"STAT","PrimaryAttribute":"Survey Statistics","SecondaryAttribute":null,"TertiaryAttribute":null,"Payload":{"MobileCompatible":true,"ID":"Survey Statistics"}},{"SurveyID":"SV_6l0K0bORuKZKLBA","Element":"SO","PrimaryAttribute":"Survey Options","SecondaryAttribute":null,"TertiaryAttribute":null,"Payload":{"BackButton":"false","SaveAndContinue":"true","SurveyProtection":"PublicSurvey","BallotBoxStuffingPrevention":"false","NoIndex":"Yes","SecureResponseFiles":"true","SurveyExpiration":"None","SurveyTermination":"DefaultMessage","Header":"","Footer":"","ProgressBarDisplay":"None","PartialData":"+1 week","ValidationMessage":"","PreviousButton":"","NextButton":" \u2192 ","SurveyTitle":"Qualtrics Survey | Qualtrics Experience Management","SkinLibrary":"upenn","SkinType":"templated","Skin":{"brandingId":"6057378996","templateId":"*base","overrides":null},"NewScoring":1,"SurveyMetaDescription":"The most powerful, simple and trusted way to gather experience data. Start your journey to experience management and try a free account today.","CustomStyles":[],"SurveyName":"Coue tricks survey"}},{"SurveyID":"SV_6l0K0bORuKZKLBA","Element":"SCO","PrimaryAttribute":"Scoring","SecondaryAttribute":null,"TertiaryAttribute":null,"Payload":{"ScoringCategories":[],"ScoringCategoryGroups":[],"ScoringSummaryCategory":null,"ScoringSummaryAfterQuestions":0,"ScoringSummaryAfterSurvey":0,"DefaultScoringCategory":null,"AutoScoringCategory":null}},{"SurveyID":"SV_6l0K0bORuKZKLBA","Element":"PROJ","PrimaryAttribute":"CORE","SecondaryAttribute":null,"TertiaryAttribute":"1.1.0","Payload":{"ProjectCategory":"CORE","SchemaVersion":"1.1.0"}},{"SurveyID":"SV_6l0K0bORuKZKLBA","Element":"PL","PrimaryAttribute":"Preview Link","SecondaryAttribute":null,"TertiaryAttribute":null,"Payload":{"PreviewType":"Brand","PreviewID":"971bf272-7026-4477-a3d7-2a432a574397"}},{"SurveyID":"SV_6l0K0bORuKZKLBA","Element":"BL","PrimaryAttribute":"Survey Blocks","SecondaryAttribute":null,"TertiaryAttribute":null,"Payload":[{"Type":"Default","Description":"Consent ","ID":"BL_eE8tW4BfyL8zVgG","BlockElements":[{"Type":"Question","QuestionID":"QID2"},{"Type":"Page Break"},{"Type":"Question","QuestionID":"QID1"}]},{"Type":"Trash","Description":"Trash \/ Unused Questions","ID":"BL_0B8JlCmOBgqUDbg","BlockElements":[{"Type":"Question","QuestionID":"QID11"},{"Type":"Question","QuestionID":"QID14"},{"Type":"Question","QuestionID":"QID15"},{"Type":"Question","QuestionID":"QID21"}]},{"Type":"Standard","SubType":"","Description":"Disclose_Chatbot","ID":"BL_8kweTuP0E2NK00m","BlockElements":[{"Type":"Question","QuestionID":"QID20"},{"Type":"Question","QuestionID":"QID3"},{"Type":"Question","QuestionID":"QID5"}],"Options":{"BlockLocking":"false","RandomizeQuestions":"false","BlockVisibility":"Expanded"}},{"Type":"Standard","SubType":"","Description":"Disclose_Human","ID":"BL_bmdEbgIqkcFjcbA","Options":{"BlockLocking":"false","RandomizeQuestions":"false","BlockVisibility":"Expanded"},"BlockElements":[{"Type":"Question","QuestionID":"QID19"},{"Type":"Question","QuestionID":"QID4"},{"Type":"Question","QuestionID":"QID6"}]},{"Type":"Standard","SubType":"","Description":"NoDisclose_Chatbot","ID":"BL_0Tk62LmdzhSOyVM","BlockElements":[{"Type":"Question","QuestionID":"QID18"},{"Type":"Question","QuestionID":"QID7"},{"Type":"Question","QuestionID":"QID9"}],"Options":{"BlockLocking":"false","RandomizeQuestions":"false","BlockVisibility":"Expanded"}},{"Type":"Standard","SubType":"","Description":"NoDisclose_Human","ID":"BL_1YNeR1qrHDDLM5E","BlockElements":[{"Type":"Question","QuestionID":"QID17"},{"Type":"Question","QuestionID":"QID8"},{"Type":"Question","QuestionID":"QID10"}],"Options":{"BlockLocking":"false","RandomizeQuestions":"false","BlockVisibility":"Expanded"}},{"Type":"Standard","SubType":"","Description":"Outcomes","ID":"BL_4PJsWRrXODJ3Z6S","BlockElements":[{"Type":"Question","QuestionID":"QID12"},{"Type":"Question","QuestionID":"QID13"},{"Type":"Question","QuestionID":"QID16"},{"Type":"Page Break"},{"Type":"Question","QuestionID":"QID22"},{"Type":"Question","QuestionID":"QID26"},{"Type":"Page Break"},{"Type":"Question","QuestionID":"QID23"}],"Options":{"BlockLocking":"false","RandomizeQuestions":"false","BlockVisibility":"Collapsed"}},{"Type":"Standard","SubType":"","Description":"HumanConfidence","ID":"BL_abl7gxSOhsaSNgy","BlockElements":[{"Type":"Question","QuestionID":"QID24"}],"Options":{"BlockLocking":"false","RandomizeQuestions":"false","BlockVisibility":"Collapsed"}},{"Type":"Standard","SubType":"","Description":"BotConfidence ","ID":"BL_eRoCSkGB2mDqilU","BlockElements":[{"Type":"Question","QuestionID":"QID25"}],"Options":{"BlockLocking":"false","RandomizeQuestions":"false","BlockVisibility":"Collapsed"}},{"Type":"Standard","SubType":"","Description":"Demographs","ID":"BL_eKSiPUfQzy6b2Rg","BlockElements":[{"Type":"Question","QuestionID":"QID27"}],"Options":{"BlockLocking":"false","RandomizeQuestions":"false","BlockVisibility":"Collapsed"}}]},{"SurveyID":"SV_6l0K0bORuKZKLBA","Element":"SQ","PrimaryAttribute":"QID10","SecondaryAttribute":"**Chat window here**","TertiaryAttribute":null,"Payload":{"QuestionText":"**Chat window here**","DefaultChoices":false,"DataExportTag":"ChatWindow","QuestionID":"QID10","QuestionType":"DB","Selector":"TB","DataVisibility":{"Private":false,"Hidden":false},"Configuration":{"QuestionDescriptionOption":"UseText"},"QuestionDescription":"**Chat window here**","ChoiceOrder":[],"Validation":{"Settings":{"Type":"None"}},"GradingData":[],"Language":[],"NextChoiceId":4,"NextAnswerId":1,"QuestionJS":"Qualtrics.SurveyEngine.addOnload(function() {\n    var participantID = \"${e:\/\/Field\/ResponseID}\";  \/\/ Unique qualtrics participant ID\n    var studyName = \"Coue Tricks\";\n\tvar userGroup = \"NoDisclose Human\";\n    var botName = \"Doctor\";  \/\/ Fallback bot\n    var prompt = \"Welcome to the chatbot session!\"; \/\/ Default initial message\n\n\n    \/\/ Construct chatbot URL with initial prompt as a parameter\n    var botURL = \"https:\/\/bot.wwbp.org\/conversation?bot_name=\" + botName;\n    botURL += \"&participant_id=\" + encodeURIComponent(participantID);\n    botURL += \"&study_name=\" + encodeURIComponent(studyName);  \/\/ Added '=' sign here\n    botURL += \"&user_group=\" + encodeURIComponent(userGroup);   \/\/ Added '=' sign here\n    botURL += \"&prompt=\" + encodeURIComponent(prompt);  \/\/ Pass initial message\n\n    var container = this.getQuestionTextContainer();  \/\/ Correct container\n\n    if (container) {\n        var iframe = jQuery(\"<iframe>\", {\n            src: botURL,\n            width: \"100%\",\n            height:\"100vh\",\n            frameborder: \"0\"\n        });\n\n        jQuery(container).append(iframe);  \/\/ Insert iframe\n    } else {\n        alert(\"Error: No valid container found.\");\n    }\n});"}},{"SurveyID":"SV_6l0K0bORuKZKLBA","Element":"SQ","PrimaryAttribute":"QID1","SecondaryAttribute":"**Consent Form Here**","TertiaryAttribute":null,"Payload":{"QuestionText":"**Consent Form Here**","DefaultChoices":false,"DataExportTag":"Consent","QuestionID":"QID1","QuestionType":"DB","Selector":"TB","DataVisibility":{"Private":false,"Hidden":false},"Configuration":{"QuestionDescriptionOption":"UseText"},"QuestionDescription":"**Consent Form Here**","ChoiceOrder":[],"Validation":{"Settings":{"Type":"None"}},"GradingData":[],"Language":[],"NextChoiceId":4,"NextAnswerId":1,"QuestionJS":"Qualtrics.SurveyEngine.addOnload(function()\n{\n\t\/*Place your JavaScript here to run when the page loads*\/\n\n\n});\n\nQualtrics.SurveyEngine.addOnReady(function()\n{\n\t\/*Place your JavaScript here to run when the page is fully displayed*\/\n\n});\n\nQualtrics.SurveyEngine.addOnUnload(function()\n{\n\t\/*Place your JavaScript here to run when the page is unloaded*\/\n\n});"}},{"SurveyID":"SV_6l0K0bORuKZKLBA","Element":"SQ","PrimaryAttribute":"QID3","SecondaryAttribute":"*Please read these instructions carefully* We would like you to spend the next 5 minutes interact...","TertiaryAttribute":null,"Payload":{"QuestionText":"<span style=\"font-size:19px;\"><strong><span style=\"color:#c0392b;\"><span style=\"line-height:normal\">*Please read these instructions carefully*<\/span><\/span><\/strong><br>\n<span style=\"line-height:normal\">We would like you to spend the next 5 minutes interacting with a chatbot using the chat window below. We are collecting data on how people discuss certain topics, so it\u2019s important to follow these instructions:<\/span><br>\n<span style=\"line-height:normal\">1. The chatbot has been instructed to share an embarrassing experience, and we would like you to ask for additional details about the experience.<\/span><br>\n<span style=\"line-height:normal\">2. You can comment and ask any questions you like, as long as you keep the focus of the conversation on the embarrassing experience.<\/span><br>\n<span style=\"line-height:normal\">3. We are training the AI, so it is important you interact with it as if you are talking with a person.<\/span><br>\n<span style=\"line-height:normal\">4. To let the chatbot know you are ready, please ask it to share the embarrassing experience.<br>5. You will not being able to continue onto the next page until 5 minutes has passed.<br><\/span><\/span>\n&nbsp;","DefaultChoices":false,"DataExportTag":"Intro ","QuestionType":"DB","Selector":"TB","DataVisibility":{"Private":false,"Hidden":false},"Configuration":{"QuestionDescriptionOption":"UseText"},"QuestionDescription":"*Please read these instructions carefully* We would like you to spend the next 5 minutes interact...","ChoiceOrder":[],"Validation":{"Settings":{"Type":"None"}},"GradingData":[],"Language":[],"NextChoiceId":4,"NextAnswerId":1,"QuestionID":"QID3","QuestionJS":false}},{"SurveyID":"SV_6l0K0bORuKZKLBA","Element":"SQ","PrimaryAttribute":"QID4","SecondaryAttribute":"*Please read these instructions carefully* We would like you to spend the next 5 minutes interact...","TertiaryAttribute":null,"Payload":{"QuestionText":"<span style=\"font-size:19px;\"><span style=\"color:#c0392b;\"><strong><span style=\"line-height:normal\">*Please read these instructions carefully*<\/span><\/strong><\/span><br>\n<span style=\"line-height:normal\">We would like you to spend the next 5 minutes interacting with another participant in the study using the chat window below. We are collecting data on how people discuss certain topics, so it\u2019s important to follow these instructions:<\/span><br>\n<span style=\"line-height:normal\">1. The other participant has been instructed to share an embarrassing experience, and we would like you to ask for additional details about the experience.<\/span><br>\n<span style=\"line-height:normal\">2. You can comment and ask any questions you like, as long as you keep the focus of the conversation on the embarrassing experience.<\/span><br>\n<span style=\"line-height:normal\">3. To let them know you are ready, please ask them to share the embarrassing experience.<br>\n<span style=\"font-family:&quot;Aptos&quot;,sans-serif\">4. You will not being able to continue onto the next page until 5 minutes has passed.<\/span><\/span><\/span>","DefaultChoices":false,"DataExportTag":"Intro","QuestionType":"DB","Selector":"TB","DataVisibility":{"Private":false,"Hidden":false},"Configuration":{"QuestionDescriptionOption":"UseText"},"QuestionDescription":"*Please read these instructions carefully* We would like you to spend the next 5 minutes interact...","ChoiceOrder":[],"Validation":{"Settings":{"Type":"None"}},"GradingData":[],"Language":[],"NextChoiceId":9,"NextAnswerId":1,"QuestionID":"QID4"}},{"SurveyID":"SV_6l0K0bORuKZKLBA","Element":"SQ","PrimaryAttribute":"QID7","SecondaryAttribute":"*Please read these instructions carefully* We would like you to spend the next 5 minutes interact...","TertiaryAttribute":null,"Payload":{"QuestionText":"<span style=\"font-size:19px;\"><strong><span style=\"color:#c0392b;\"><span style=\"line-height:normal\">*Please read these instructions carefully*<\/span><\/span><\/strong><br>\n<span style=\"line-height:normal\">We would like you to spend the next 5 minutes interacting with a chatbot using the chat window below. We are collecting data on how people discuss certain topics, so it\u2019s important to follow these instructions:<\/span><br>\n<span style=\"line-height:normal\">1. The chatbot has been instructed to talk about an excellent movie, and we would like you to ask for additional details about why the movie is good.<\/span><br>\n<span style=\"line-height:normal\">2. You can comment and ask any questions you like, as long as you keep the focus of the conversation on the movie.<\/span><br>\n<span style=\"line-height:normal\">3. We are training the AI, so it is important you interact with it as if you are talking with a person.<\/span><br>\n<span style=\"line-height:normal\">4. To let the chatbot know you are ready, please ask it to tell you about the movie.<br>\n<span style=\"font-family:&quot;Aptos&quot;,sans-serif\">5. You will not being able to continue onto the next page until 5 minutes has passed.<\/span><\/span><\/span><br>","DefaultChoices":false,"DataExportTag":"Intro","QuestionType":"DB","Selector":"TB","DataVisibility":{"Private":false,"Hidden":false},"Configuration":{"QuestionDescriptionOption":"UseText"},"QuestionDescription":"*Please read these instructions carefully* We would like you to spend the next 5 minutes interact...","ChoiceOrder":[],"Validation":{"Settings":{"Type":"None"}},"GradingData":[],"Language":[],"NextChoiceId":9,"NextAnswerId":1,"QuestionID":"QID7"}},{"SurveyID":"SV_6l0K0bORuKZKLBA","Element":"SQ","PrimaryAttribute":"QID8","SecondaryAttribute":"*Please read these instructions carefully* We would like you to spend the next 5 minutes interact...","TertiaryAttribute":null,"Payload":{"QuestionText":"<span style=\"font-size:19px;\"><span style=\"color:#c0392b;\"><strong><span style=\"line-height:normal\">*Please read these instructions carefully*<\/span><\/strong><\/span><br>\n<span style=\"line-height:normal\"><span style=\"font-family:&quot;Aptos&quot;,sans-serif\">We would like you to spend the next 5 minutes interacting with another participant in the study using the chat window below. We are collecting data on how people discuss certain topics, so it\u2019s important to follow these instructions:<\/span><\/span><br>\n<span style=\"line-height:normal\"><span style=\"font-family:&quot;Aptos&quot;,sans-serif\">1. The other participant has been instructed to talk about an excellent movie, and we would like you to ask for additional details about why the movie is good.<\/span><\/span><br>\n<span style=\"line-height:normal\"><span style=\"font-family:&quot;Aptos&quot;,sans-serif\">2. You can comment and ask any questions you like, as long as you keep the focus of the conversation on the movie.<\/span><\/span><br>\n<span style=\"line-height:normal\"><span style=\"font-family:&quot;Aptos&quot;,sans-serif\">3. To let them know you are ready, please ask them to tell you about the movie.<br>\n4. You will not being able to continue onto the next page until 5 minutes has passed.<\/span><\/span><\/span>","DefaultChoices":false,"DataExportTag":"Intro","QuestionType":"DB","Selector":"TB","DataVisibility":{"Private":false,"Hidden":false},"Configuration":{"QuestionDescriptionOption":"UseText"},"QuestionDescription":"*Please read these instructions carefully* We would like you to spend the next 5 minutes interact...","ChoiceOrder":[],"Validation":{"Settings":{"Type":"None"}},"GradingData":[],"Language":[],"NextChoiceId":9,"NextAnswerId":1,"QuestionID":"QID8"}},{"SurveyID":"SV_6l0K0bORuKZKLBA","Element":"QC","PrimaryAttribute":"Survey Question Count","SecondaryAttribute":"27","TertiaryAttribute":null,"Payload":null},{"SurveyID":"SV_6l0K0bORuKZKLBA","Element":"SQ","PrimaryAttribute":"QID26","SecondaryAttribute":"Add open ended questions, 1. something about what they liked or disliked about the conversation....","TertiaryAttribute":null,"Payload":{"QuestionText":"Add open ended questions, 1. something about what they liked or disliked about the conversation. 2. Generic anything to improve about the study. Maybe an additional open ended question about what made them think it was a human or a bot. Also, maybe likert question about whether they feel like they learned something.<br>","DataExportTag":"Q26","QuestionType":"MC","Selector":"SAVR","SubSelector":"TX","DataVisibility":{"Private":false,"Hidden":false},"Configuration":{"QuestionDescriptionOption":"UseText"},"QuestionDescription":"Add open ended questions, 1. something about what they liked or disliked about the conversation....","Choices":{"1":{"Display":"Click to write Choice 1"},"2":{"Display":"Click to write Choice 2"},"3":{"Display":"Click to write Choice 3"}},"ChoiceOrder":["1","2","3"],"Validation":{"Settings":{"ForceResponse":"OFF","Type":"None"}},"Language":[],"NextChoiceId":4,"NextAnswerId":1,"QuestionID":"QID26"}},{"SurveyID":"SV_6l0K0bORuKZKLBA","Element":"SQ","PrimaryAttribute":"QID15","SecondaryAttribute":"Click to write the question text","TertiaryAttribute":null,"Payload":{"QuestionText":"Click to write the question text","DataExportTag":"Q15","QuestionType":"MC","Selector":"SAVR","SubSelector":"TX","DataVisibility":{"Private":false,"Hidden":false},"Configuration":{"QuestionDescriptionOption":"UseText"},"QuestionDescription":"Click to write the question text","Choices":{"1":{"Display":"Click to write Choice 1"},"2":{"Display":"Click to write Choice 2"},"3":{"Display":"Click to write Choice 3"}},"ChoiceOrder":["1","2","3"],"Validation":{"Settings":{"ForceResponse":"OFF","Type":"None"}},"Language":[],"NextChoiceId":4,"NextAnswerId":1,"QuestionID":"QID15"}},{"SurveyID":"SV_6l0K0bORuKZKLBA","Element":"SQ","PrimaryAttribute":"QID14","SecondaryAttribute":"Click to write the question text","TertiaryAttribute":null,"Payload":{"QuestionText":"Click to write the question text","DataExportTag":"Q14","QuestionType":"MC","Selector":"SAVR","SubSelector":"TX","DataVisibility":{"Private":false,"Hidden":false},"Configuration":{"QuestionDescriptionOption":"UseText"},"QuestionDescription":"Click to write the question text","Choices":{"1":{"Display":"Click to write Choice 1"},"2":{"Display":"Click to write Choice 2"},"3":{"Display":"Click to write Choice 3"}},"ChoiceOrder":["1","2","3"],"Validation":{"Settings":{"ForceResponse":"OFF","Type":"None"}},"Language":[],"NextChoiceId":4,"NextAnswerId":1,"QuestionID":"QID14"}},{"SurveyID":"SV_6l0K0bORuKZKLBA","Element":"SQ","PrimaryAttribute":"QID6","SecondaryAttribute":"Click to write the question text","TertiaryAttribute":null,"Payload":{"QuestionText":"Click to write the question text","DefaultChoices":false,"DataExportTag":"ChatWindow","QuestionID":"QID6","QuestionType":"DB","Selector":"TB","DataVisibility":{"Private":false,"Hidden":false},"Configuration":{"QuestionDescriptionOption":"UseText"},"QuestionDescription":"Click to write the question text","ChoiceOrder":[],"Validation":{"Settings":{"Type":"None"}},"GradingData":[],"Language":[],"NextChoiceId":4,"NextAnswerId":1,"QuestionJS":"Qualtrics.SurveyEngine.addOnload(function() {\n    var participantID = \"${e:\/\/Field\/ResponseID}\";  \/\/ Unique qualtrics participant ID\n    var studyName = \"Coue Tricks\";\n\tvar userGroup = \"Disclose Human\";\n    var botName = \"Doctor\";  \/\/ Fallback bot\n    var prompt = \"Welcome to the chatbot session!\"; \/\/ Default initial message\n\n\n    \/\/ Construct chatbot URL with initial prompt as a parameter\n    var botURL = \"https:\/\/bot.wwbp.org\/conversation?bot_name=\" + botName;\n    botURL += \"&participant_id=\" + encodeURIComponent(participantID);\n    botURL += \"&study_name=\" + encodeURIComponent(studyName);  \/\/ Added '=' sign here\n    botURL += \"&user_group=\" + encodeURIComponent(userGroup);   \/\/ Added '=' sign here\n    botURL += \"&prompt=\" + encodeURIComponent(prompt);  \/\/ Pass initial message\n\n    var container = this.getQuestionTextContainer();  \/\/ Correct container\n\n    if (container) {\n        var iframe = jQuery(\"<iframe>\", {\n            src: botURL,\n            width: \"100%\",\n            height:\"100vh\",\n            frameborder: \"0\"\n        });\n\n        jQuery(container).append(iframe);  \/\/ Insert iframe\n    } else {\n        alert(\"Error: No valid container found.\");\n    }\n});"}},{"SurveyID":"SV_6l0K0bORuKZKLBA","Element":"SQ","PrimaryAttribute":"QID5","SecondaryAttribute":"Click to write the question text","TertiaryAttribute":null,"Payload":{"QuestionText":"Click to write the question text","DefaultChoices":false,"DataExportTag":"ChatWindow","QuestionID":"QID5","QuestionType":"DB","Selector":"TB","DataVisibility":{"Private":false,"Hidden":false},"Configuration":{"QuestionDescriptionOption":"UseText"},"QuestionDescription":"Click to write the question text","ChoiceOrder":[],"Validation":{"Settings":{"Type":"None"}},"GradingData":[],"Language":[],"NextChoiceId":4,"NextAnswerId":1,"QuestionJS":"Qualtrics.SurveyEngine.addOnload(function() {\n    var participantID = \"${e:\/\/Field\/ResponseID}\";  \/\/ Unique qualtrics participant ID\n    var studyName = \"Coue Tricks\";\n\tvar userGroup = \"Disclose Chatbot\";\n    var botName = \"Doctor\";  \/\/ Fallback bot\n    var prompt = \"Welcome to the chatbot session!\"; \/\/ Default initial message\n\n\n    \/\/ Construct chatbot URL with initial prompt as a parameter\n    var botURL = \"https:\/\/bot.wwbp.org\/conversation?bot_name=\" + botName;\n    botURL += \"&participant_id=\" + encodeURIComponent(participantID);\n    botURL += \"&study_name=\" + encodeURIComponent(studyName);  \/\/ Added '=' sign here\n    botURL += \"&user_group=\" + encodeURIComponent(userGroup);   \/\/ Added '=' sign here\n    botURL += \"&prompt=\" + encodeURIComponent(prompt);  \/\/ Pass initial message\n\n    var container = this.getQuestionTextContainer();  \/\/ Correct container\n\n    if (container) {\n        var iframe = jQuery(\"<iframe>\", {\n            src: botURL,\n            width: \"100%\",\n            height:\"100vh\",\n            frameborder: \"0\"\n        });\n\n        jQuery(container).append(iframe);  \/\/ Insert iframe\n    } else {\n        alert(\"Error: No valid container found.\");\n    }\n});"}},{"SurveyID":"SV_6l0K0bORuKZKLBA","Element":"SQ","PrimaryAttribute":"QID9","SecondaryAttribute":"Click to write the question text","TertiaryAttribute":null,"Payload":{"QuestionText":"Click to write the question text","DefaultChoices":false,"DataExportTag":"ChatWindow","QuestionID":"QID9","QuestionType":"DB","Selector":"TB","DataVisibility":{"Private":false,"Hidden":false},"Configuration":{"QuestionDescriptionOption":"UseText"},"QuestionDescription":"Click to write the question text","ChoiceOrder":[],"Validation":{"Settings":{"Type":"None"}},"GradingData":[],"Language":[],"NextChoiceId":4,"NextAnswerId":1,"QuestionJS":"Qualtrics.SurveyEngine.addOnload(function() {\n    var participantID = \"${e:\/\/Field\/ResponseID}\";  \/\/ Unique qualtrics participant ID\n    var studyName = \"Coue Tricks\";\n\tvar userGroup = \"NoDisclose Chatbot\";\n    var botName = \"NoDisclose Chatbot\";  \/\/ Fallback bot\n    var prompt = \"Welcome to the chatbot session!\"; \/\/ Default initial message\n\n\n    \/\/ Construct chatbot URL with initial prompt as a parameter\n    var botURL = \"https:\/\/bot.wwbp.org\/conversation?bot_name=\" + botName;\n    botURL += \"&participant_id=\" + encodeURIComponent(participantID);\n    botURL += \"&study_name=\" + encodeURIComponent(studyName);  \/\/ Added '=' sign here\n    botURL += \"&user_group=\" + encodeURIComponent(userGroup);   \/\/ Added '=' sign here\n    botURL += \"&prompt=\" + encodeURIComponent(prompt);  \/\/ Pass initial message\n\n    var container = this.getQuestionTextContainer();  \/\/ Correct container\n\n    if (container) {\n        var iframe = jQuery(\"<iframe>\", {\n            src: botURL,\n            width: \"100%\",\n            height:\"100vh\",\n            frameborder: \"0\"\n        });\n\n        jQuery(container).append(iframe);  \/\/ Insert iframe\n    } else {\n        alert(\"Error: No valid container found.\");\n    }\n});"}},{"SurveyID":"SV_6l0K0bORuKZKLBA","Element":"SQ","PrimaryAttribute":"QID21","SecondaryAttribute":"Click to write the question text","TertiaryAttribute":null,"Payload":{"QuestionText":"Click to write the question text","DataExportTag":"Q21","QuestionType":"MC","Selector":"SAVR","SubSelector":"TX","DataVisibility":{"Private":false,"Hidden":false},"Configuration":{"QuestionDescriptionOption":"UseText"},"QuestionDescription":"Click to write the question text","Choices":{"1":{"Display":"&nbsp;"},"2":{"Display":"Click to write Choice 2"},"3":{"Display":"Click to write Choice 3"}},"ChoiceOrder":["1","2","3"],"Validation":{"Settings":{"ForceResponse":"OFF","Type":"None"}},"Language":[],"NextChoiceId":4,"NextAnswerId":1,"QuestionID":"QID21"}},{"SurveyID":"SV_6l0K0bORuKZKLBA","Element":"SQ","PrimaryAttribute":"QID11","SecondaryAttribute":"Click to write the question text","TertiaryAttribute":null,"Payload":{"QuestionText":"Click to write the question text","DefaultChoices":false,"DataExportTag":"Q11","QuestionType":"MC","Selector":"SAVR","SubSelector":"TX","DataVisibility":{"Private":false,"Hidden":false},"Configuration":{"QuestionDescriptionOption":"UseText"},"QuestionDescription":"Click to write the question text","Choices":{"1":{"Display":"Click to write Choice 2"},"2":{"Display":"Click to write Choice 3"}},"ChoiceOrder":[1,2],"Validation":{"Settings":{"ForceResponse":"OFF","Type":"None"}},"GradingData":[],"Language":[],"NextChoiceId":3,"NextAnswerId":1,"QuestionID":"QID11"}},{"SurveyID":"SV_6l0K0bORuKZKLBA","Element":"SQ","PrimaryAttribute":"QID16","SecondaryAttribute":"Compared to how socially connected you normally feel, how socially connected do you feel right now?","TertiaryAttribute":null,"Payload":{"ChoiceOrder":[1,2,3,4,5,6,7,8,9,10,11],"Choices":{"1":{"Display":"Much less connected than normal<br \/>\n-5"},"2":{"Display":"-4"},"3":{"Display":"-3"},"4":{"Display":"-2"},"5":{"Display":"-1"},"6":{"Display":"No different than normal <br \/> 0"},"7":{"Display":"1"},"8":{"Display":"2"},"9":{"Display":"3"},"10":{"Display":"4"},"11":{"Display":"Much more connected than normal<br \/> 5"}},"Configuration":{"LabelPosition":"BELOW","QuestionDescriptionOption":"UseText"},"DataExportTag":"SocialConnection","DataVisibility":{"Hidden":false,"Private":false},"Language":[],"NextAnswerId":1,"NextChoiceId":12,"QuestionDescription":"Compared to how socially connected you normally feel, how socially connected do you feel right now?","QuestionID":"QID16","QuestionText":"Compared to how socially connected you normally feel, how socially connected do you feel <strong>right now?<\/strong>","QuestionText_Unsafe":"Compared to how socially connected you normally feel, how socially connected do you feel <strong>right now?<\/strong>","QuestionType":"MC","RecodeValues":{"1":"-5","2":"-4","3":"-3","4":"-2","5":"-1","6":"0","7":"1","8":"2","9":"3","10":"4","11":"5"},"Selector":"SAHR","SubSelector":"TX","Validation":{"Settings":{"ForceResponse":"RequestResponse","ForceResponseType":"RequestResponse","Type":"None"}}}},{"SurveyID":"SV_6l0K0bORuKZKLBA","Element":"RS","PrimaryAttribute":"RS_7V7UbD9sjs07LE2","SecondaryAttribute":"Default Response Set","TertiaryAttribute":null,"Payload":null},{"SurveyID":"SV_6l0K0bORuKZKLBA","Element":"SQ","PrimaryAttribute":"QID27","SecondaryAttribute":"Demographics in this block","TertiaryAttribute":null,"Payload":{"QuestionText":"Demographics in this block<br>","DefaultChoices":false,"DataExportTag":"Q27","QuestionType":"DB","Selector":"TB","DataVisibility":{"Private":false,"Hidden":false},"Configuration":{"QuestionDescriptionOption":"UseText"},"QuestionDescription":"Demographics in this block","ChoiceOrder":[],"Validation":{"Settings":{"Type":"None"}},"GradingData":[],"Language":[],"NextChoiceId":4,"NextAnswerId":1,"QuestionID":"QID27"}},{"SurveyID":"SV_6l0K0bORuKZKLBA","Element":"SQ","PrimaryAttribute":"QID25","SecondaryAttribute":"How confident are you that you were interacting with a chatbot? (Create an alternative that has 5...","TertiaryAttribute":null,"Payload":{"QuestionText":"How confident are you that you were interacting with a chatbot? (Create an alternative that has 5 point likert scale, maybe use word different framing)<br>","QuestionJS":false,"DefaultChoices":false,"DataExportTag":"BotConfidence","QuestionType":"Slider","Selector":"HSLIDER","DataVisibility":{"Private":false,"Hidden":false},"Configuration":{"QuestionDescriptionOption":"UseText","CSSliderMin":0,"CSSliderMax":100,"GridLines":4,"SnapToGrid":false,"NumDecimals":"0","ShowValue":true,"CustomStart":true,"SliderStartPositions":{"1":0.4949267192784667646066054658149369060993194580078125},"NotApplicable":false,"MobileFirst":true},"QuestionDescription":"How confident are you that you were interacting with a chatbot? (Create an alternative that has 5...","Choices":{"1":{"Display":"&nbsp;"}},"ChoiceOrder":[1],"Validation":{"Settings":{"ForceResponse":"OFF","Type":"None"}},"GradingData":[],"Language":[],"NextChoiceId":2,"NextAnswerId":2,"Labels":{"1":{"Display":"<span style=\"font-size:16px;\">% Confident<\/span> <br\/>"}},"QuestionID":"QID25"}},{"SurveyID":"SV_6l0K0bORuKZKLBA","Element":"SQ","PrimaryAttribute":"QID24","SecondaryAttribute":"How confident are you that you were interacting with a human? (Create an alternative that has 5 p...","TertiaryAttribute":null,"Payload":{"QuestionText":"How confident are you that you were interacting with a human? (Create an alternative that has 5 point likert scale)<br>","DefaultChoices":false,"DataExportTag":"HumanConfidence ","QuestionType":"Slider","Selector":"HSLIDER","DataVisibility":{"Private":false,"Hidden":false},"Configuration":{"QuestionDescriptionOption":"UseText","CSSliderMin":0,"CSSliderMax":100,"GridLines":4,"SnapToGrid":false,"NumDecimals":"0","ShowValue":true,"CustomStart":true,"NotApplicable":false,"MobileFirst":true,"SliderStartPositions":{"1":0.4949267192784667646066054658149369060993194580078125}},"QuestionDescription":"How confident are you that you were interacting with a human? (Create an alternative that has 5 p...","Choices":{"1":{"Display":"&nbsp;"}},"ChoiceOrder":[1],"Validation":{"Settings":{"ForceResponse":"OFF","Type":"None"}},"GradingData":[],"Language":[],"NextChoiceId":2,"NextAnswerId":2,"Labels":{"1":{"Display":"<span style=\"font-size:16px;\">% Confident<\/span> <br\/>"}},"QuestionID":"QID24","QuestionJS":false}},{"SurveyID":"SV_6l0K0bORuKZKLBA","Element":"SQ","PrimaryAttribute":"QID12","SecondaryAttribute":"How much did you enjoy the conversation you just had?","TertiaryAttribute":null,"Payload":{"QuestionText":"How much did you enjoy the conversation you just had?","DefaultChoices":false,"DataExportTag":"Enjoyment","QuestionType":"MC","Selector":"SAHR","SubSelector":"TX","DataVisibility":{"Private":false,"Hidden":false},"Configuration":{"QuestionDescriptionOption":"UseText","LabelPosition":"BELOW"},"QuestionDescription":"How much did you enjoy the conversation you just had?","Choices":{"1":{"Display":"Not at all"},"2":{"Display":"A little"},"3":{"Display":"Somewhat"},"4":{"Display":"Quite a bit"},"5":{"Display":"Very much"}},"ChoiceOrder":["1","2","3","4","5"],"Validation":{"Settings":{"ForceResponse":"OFF","Type":"None"}},"GradingData":[],"Language":[],"NextChoiceId":6,"NextAnswerId":1,"QuestionID":"QID12"}},{"SurveyID":"SV_6l0K0bORuKZKLBA","Element":"SQ","PrimaryAttribute":"QID13","SecondaryAttribute":"How worthless\/worthwhile was the interaction?","TertiaryAttribute":null,"Payload":{"QuestionText":"How worthless\/worthwhile was the interaction?<br>","DataExportTag":"Worthwhile","QuestionType":"MC","Selector":"SAHR","SubSelector":"TX","DataVisibility":{"Private":false,"Hidden":false},"Configuration":{"QuestionDescriptionOption":"UseText","LabelPosition":"BELOW"},"QuestionDescription":"How worthless\/worthwhile was the interaction?","Choices":{"1":{"Display":"Very worthless"},"2":{"Display":"Moderately worthless"},"3":{"Display":"Somewhat worthless"},"4":{"Display":"Somewhat worthwhile"},"5":{"Display":"Moderately worthwhile"},"6":{"Display":"Very worthwhile"}},"ChoiceOrder":[1,2,3,4,5,6],"Validation":{"Settings":{"ForceResponse":"OFF","Type":"None"}},"Language":[],"NextChoiceId":7,"NextAnswerId":1,"QuestionID":"QID13"}},{"SurveyID":"SV_6l0K0bORuKZKLBA","Element":"SQ","PrimaryAttribute":"QID22","SecondaryAttribute":"Please select the picture below that best describes your interaction with your conversation partn...","TertiaryAttribute":null,"Payload":{"ChoiceOrder":["1","2","3","4","5","6","7"],"Choices":{"1":{"Display":"A"},"2":{"Display":"B"},"3":{"Display":"C"},"4":{"Display":"D"},"5":{"Display":"E"},"6":{"Display":"F"},"7":{"Display":"G"}},"Configuration":{"LabelPosition":"BELOW","QuestionDescriptionOption":"UseText"},"DataExportTag":"IOS","DataVisibility":{"Hidden":false,"Private":false},"Language":[],"NextAnswerId":1,"NextChoiceId":8,"QuestionDescription":"Please select the picture below that best describes your interaction with your conversation partn...","QuestionID":"QID22","QuestionText":"Please select the picture below that best describes your interaction with your conversation partner, where &ldquo;self&rdquo; indicates you and &ldquo;other&rdquo; indicates your conversation partner.<br \/>\n<br \/>\n<img src=\"https:\/\/ubc.ca1.qualtrics.com\/CP\/Graphic.php?IM=IM_cYirR6QPnj14lA9\" style=\"width: 598px; height: 207px; float: left;\" \/>","QuestionText_Unsafe":"Please select the picture below that best describes your interaction with your partner, where &ldquo;self&rdquo; indicates you and &ldquo;other&rdquo; indicates your interaction partner.<br \/>\n<br \/>\n<img src=\"https:\/\/ubc.ca1.qualtrics.com\/CP\/Graphic.php?IM=IM_cYirR6QPnj14lA9\" style=\"width: 598px; height: 207px; float: left;\" \/>","QuestionType":"MC","Selector":"SAHR","SubSelector":"TX","Validation":{"Settings":{"ForceResponse":"RequestResponse","ForceResponseType":"RequestResponse","Type":"None"}}}},{"SurveyID":"SV_6l0K0bORuKZKLBA","Element":"SQ","PrimaryAttribute":"QID23","SecondaryAttribute":"Think about the interaction you just had. How robotic\/human did your conversation partner seem to...","TertiaryAttribute":null,"Payload":{"QuestionText":"Think about the interaction you just had. How robotic\/human did your conversation partner seem to you?<br>","DataExportTag":"Robotic_Human","QuestionType":"MC","Selector":"SAHR","SubSelector":"TX","DataVisibility":{"Private":false,"Hidden":false},"Configuration":{"QuestionDescriptionOption":"UseText","LabelPosition":"BELOW"},"QuestionDescription":"Think about the interaction you just had. How robotic\/human did your conversation partner seem to...","Choices":{"1":{"Display":"Robotic"},"2":{"Display":"Somewhat robotic"},"3":{"Display":"In between"},"4":{"Display":"Somewhat human"},"5":{"Display":"Human"}},"ChoiceOrder":[1,2,3,4,5],"Validation":{"Settings":{"ForceResponse":"OFF","Type":"None"}},"Language":[],"NextChoiceId":6,"NextAnswerId":1,"QuestionID":"QID23"}},{"SurveyID":"SV_6l0K0bORuKZKLBA","Element":"SQ","PrimaryAttribute":"QID20","SecondaryAttribute":"Timing","TertiaryAttribute":null,"Payload":{"QuestionText":"Timing","DefaultChoices":false,"DataExportTag":"Timer","QuestionID":"QID20","QuestionType":"Timing","Selector":"PageTimer","DataVisibility":{"Private":false,"Hidden":false},"Configuration":{"QuestionDescriptionOption":"UseText","MinSeconds":300,"MaxSeconds":"0","ShowTimer":true,"Seconds":300},"QuestionDescription":"Timing","Choices":{"1":{"Display":"First Click"},"2":{"Display":"Last Click"},"3":{"Display":"Page Submit"},"4":{"Display":"Click Count"}},"GradingData":[],"Language":[],"NextChoiceId":72,"NextAnswerId":1,"QuestionJS":false}},{"SurveyID":"SV_6l0K0bORuKZKLBA","Element":"SQ","PrimaryAttribute":"QID19","SecondaryAttribute":"Timing","TertiaryAttribute":null,"Payload":{"QuestionText":"Timing","DefaultChoices":false,"DataExportTag":"Timer","QuestionID":"QID19","QuestionType":"Timing","Selector":"PageTimer","DataVisibility":{"Private":false,"Hidden":false},"Configuration":{"QuestionDescriptionOption":"UseText","MinSeconds":300,"MaxSeconds":"0","ShowTimer":true,"Seconds":300},"QuestionDescription":"Timing","Choices":{"1":{"Display":"First Click"},"2":{"Display":"Last Click"},"3":{"Display":"Page Submit"},"4":{"Display":"Click Count"}},"GradingData":[],"Language":[],"NextChoiceId":68,"NextAnswerId":1}},{"SurveyID":"SV_6l0K0bORuKZKLBA","Element":"SQ","PrimaryAttribute":"QID18","SecondaryAttribute":"Timing","TertiaryAttribute":null,"Payload":{"QuestionText":"Timing","DefaultChoices":false,"DataExportTag":"Q18","QuestionID":"QID18","QuestionType":"Timing","Selector":"PageTimer","DataVisibility":{"Private":false,"Hidden":false},"Configuration":{"QuestionDescriptionOption":"UseText","MinSeconds":300,"MaxSeconds":"0","ShowTimer":true,"Seconds":300},"QuestionDescription":"Timing","Choices":{"1":{"Display":"First Click"},"2":{"Display":"Last Click"},"3":{"Display":"Page Submit"},"4":{"Display":"Click Count"}},"GradingData":[],"Language":[],"NextChoiceId":72,"NextAnswerId":1}},{"SurveyID":"SV_6l0K0bORuKZKLBA","Element":"SQ","PrimaryAttribute":"QID17","SecondaryAttribute":"Timing","TertiaryAttribute":null,"Payload":{"QuestionText":"Timing","DefaultChoices":false,"DataExportTag":"Timer","QuestionID":"QID17","QuestionType":"Timing","Selector":"PageTimer","DataVisibility":{"Private":false,"Hidden":false},"Configuration":{"QuestionDescriptionOption":"UseText","MinSeconds":300,"MaxSeconds":"0","ShowTimer":true,"Seconds":300},"QuestionDescription":"Timing","Choices":{"1":{"Display":"First Click"},"2":{"Display":"Last Click"},"3":{"Display":"Page Submit"},"4":{"Display":"Click Count"}},"GradingData":[],"Language":[],"NextChoiceId":80,"NextAnswerId":1}},{"SurveyID":"SV_6l0K0bORuKZKLBA","Element":"SQ","PrimaryAttribute":"QID2","SecondaryAttribute":"You will be asked to have a text conversation as part of this study. If you are still interested,...","TertiaryAttribute":null,"Payload":{"QuestionText":"<span style=\"color:#16a085;\"><strong>You will be asked to have a text conversation as part of this study. If you are still interested, please continue onto the next page to access the consent form.<\/strong><\/span>","DefaultChoices":false,"DataExportTag":"FirstMessage","QuestionID":"QID2","QuestionType":"DB","Selector":"TB","DataVisibility":{"Private":false,"Hidden":false},"Configuration":{"QuestionDescriptionOption":"UseText"},"QuestionDescription":"You will be asked to have a text conversation as part of this study. If you are still interested,...","ChoiceOrder":[],"Validation":{"Settings":{"Type":"None"}},"GradingData":[],"Language":[],"NextChoiceId":4,"NextAnswerId":1,"QuestionJS":"Qualtrics.SurveyEngine.addOnload(function()\n{\n\t\/*Place your JavaScript here to run when the page loads*\/\n\n\n\n});\n\nQualtrics.SurveyEngine.addOnReady(function()\n{\n\t\/*Place your JavaScript here to run when the page is fully displayed*\/\n\n});\n\nQualtrics.SurveyEngine.addOnUnload(function()\n{\n\t\/*Place your JavaScript here to run when the page is unloaded*\/\n\n});"}}]}